
Microsoft Visual Studio Solution File, Format Version 12.00
# Visual Studio Version 16
VisualStudioVersion = 16.0.30406.217
MinimumVisualStudioVersion = 10.0.40219.1
Project("{8BC9CEB8-8B4A-11D0-8D11-00A0C91BC942}") = "Binary_Search", "Binary_Search\Binary_Search.vcxproj", "{DAA40584-C8CB-46DD-AF61-2267E09EFD0C}"
EndProject
Global
	GlobalSection(SolutionConfigurationPlatforms) = preSolution
		Debug|x64 = Debug|x64
		Debug|x86 = Debug|x86
		Release|x64 = Release|x64
		Release|x86 = Release|x86
	EndGlobalSection
	GlobalSection(ProjectConfigurationPlatforms) = postSolution
		{DAA40584-C8CB-46DD-AF61-2267E09EFD0C}.Debug|x64.ActiveCfg = Debug|x64
		{DAA40584-C8CB-46DD-AF61-2267E09EFD0C}.Debug|x64.Build.0 = Debug|x64
		{DAA40584-C8CB-46DD-AF61-2267E09EFD0C}.Debug|x86.ActiveCfg = Debug|Win32
		{DAA40584-C8CB-46DD-AF61-2267E09EFD0C}.Debug|x86.Build.0 = Debug|Win32
		{DAA40584-C8CB-46DD-AF61-2267E09EFD0C}.Release|x64.ActiveCfg = Release|x64
		{DAA40584-C8CB-46DD-AF61-2267E09EFD0C}.Release|x64.Build.0 = Release|x64
		{DAA40584-C8CB-46DD-AF61-2267E09EFD0C}.Release|x86.ActiveCfg = Release|Win32
		{DAA40584-C8CB-46DD-AF61-2267E09EFD0C}.Release|x86.Build.0 = Release|Win32
	EndGlobalSection
	GlobalSection(SolutionProperties) = preSolution
		HideSolutionNode = FALSE
	EndGlobalSection
	GlobalSection(ExtensibilityGlobals) = postSolution
		SolutionGuid = {3EFD7F6E-FB6F-4810-BAE7-C1174C7F60C9}
	EndGlobalSection
EndGlobal
